
Microsoft Visual Studio Solution File, Format Version 12.00
# Visual Studio Version 16
VisualStudioVersion = 16.0.29911.84
MinimumVisualStudioVersion = 10.0.40219.1
Project("{9A19103F-16F7-4668-BE54-9A1E7A4F7556}") = "UniverseRestaurant", "UniverseRestaurant.csproj", "{B94A2D4C-CE82-4B04-B5EB-DB77D3135FE1}"
EndProject
Global
	GlobalSection(SolutionConfigurationPlatforms) = preSolution
		Debug|Any CPU = Debug|Any CPU
		Release|Any CPU = Release|Any CPU
	EndGlobalSection
	GlobalSection(ProjectConfigurationPlatforms) = postSolution
		{B94A2D4C-CE82-4B04-B5EB-DB77D3135FE1}.Debug|Any CPU.ActiveCfg = Debug|Any CPU
		{B94A2D4C-CE82-4B04-B5EB-DB77D3135FE1}.Debug|Any CPU.Build.0 = Debug|Any CPU
		{B94A2D4C-CE82-4B04-B5EB-DB77D3135FE1}.Release|Any CPU.ActiveCfg = Release|Any CPU
		{B94A2D4C-CE82-4B04-B5EB-DB77D3135FE1}.Release|Any CPU.Build.0 = Release|Any CPU
	EndGlobalSection
	GlobalSection(SolutionProperties) = preSolution
		HideSolutionNode = FALSE
	EndGlobalSection
	GlobalSection(ExtensibilityGlobals) = postSolution
		SolutionGuid = {B693F4BF-F7A8-4900-9910-A98EDB8DAB3A}
	EndGlobalSection
EndGlobal
